
Microsoft Visual Studio Solution File, Format Version 12.00
# Visual Studio Version 17
VisualStudioVersion = 17.0.31903.59
MinimumVisualStudioVersion = 10.0.40219.1
Project("{FAE04EC0-301F-11D3-BF4B-00C04F79EFBC}") = "BlazorGameDatabase", "BlazorGameDatabase\BlazorGameDatabase.csproj", "{4CB77EC7-FE55-4B2D-BE0F-C13A18653BD7}"
EndProject
Global
	GlobalSection(SolutionConfigurationPlatforms) = preSolution
		Debug|Any CPU = Debug|Any CPU
		Release|Any CPU = Release|Any CPU
	EndGlobalSection
	GlobalSection(ProjectConfigurationPlatforms) = postSolution
		{4CB77EC7-FE55-4B2D-BE0F-C13A18653BD7}.Debug|Any CPU.ActiveCfg = Debug|Any CPU
		{4CB77EC7-FE55-4B2D-BE0F-C13A18653BD7}.Debug|Any CPU.Build.0 = Debug|Any CPU
		{4CB77EC7-FE55-4B2D-BE0F-C13A18653BD7}.Release|Any CPU.ActiveCfg = Release|Any CPU
		{4CB77EC7-FE55-4B2D-BE0F-C13A18653BD7}.Release|Any CPU.Build.0 = Release|Any CPU
	EndGlobalSection
	GlobalSection(SolutionProperties) = preSolution
		HideSolutionNode = FALSE
	EndGlobalSection
	GlobalSection(ExtensibilityGlobals) = postSolution
		SolutionGuid = {1ABA4BCD-3A21-45A8-A8C1-C1CB723823B5}
	EndGlobalSection
EndGlobal
